
Microsoft Visual Studio Solution File, Format Version 12.00
# Visual Studio Version 17
VisualStudioVersion = 17.3.32901.215
MinimumVisualStudioVersion = 10.0.40219.1
Project("{FAE04EC0-301F-11D3-BF4B-00C04F79EFBC}") = "MusicBot", "MusicBot\MusicBot.csproj", "{DA68FD82-0F1E-425C-8CFE-014C40C99CED}"
EndProject
Global
	GlobalSection(SolutionConfigurationPlatforms) = preSolution
		Debug|Any CPU = Debug|Any CPU
		Release|Any CPU = Release|Any CPU
	EndGlobalSection
	GlobalSection(ProjectConfigurationPlatforms) = postSolution
		{DA68FD82-0F1E-425C-8CFE-014C40C99CED}.Debug|Any CPU.ActiveCfg = Debug|Any CPU
		{DA68FD82-0F1E-425C-8CFE-014C40C99CED}.Debug|Any CPU.Build.0 = Debug|Any CPU
		{DA68FD82-0F1E-425C-8CFE-014C40C99CED}.Release|Any CPU.ActiveCfg = Release|Any CPU
		{DA68FD82-0F1E-425C-8CFE-014C40C99CED}.Release|Any CPU.Build.0 = Release|Any CPU
	EndGlobalSection
	GlobalSection(SolutionProperties) = preSolution
		HideSolutionNode = FALSE
	EndGlobalSection
	GlobalSection(ExtensibilityGlobals) = postSolution
		SolutionGuid = {364ED896-D0D3-4186-A57E-D1922CE0994B}
	EndGlobalSection
EndGlobal
